// !$*UTF8*$!
{
	archiveVersion = 1;
	classes = {
	};
	objectVersion = 46;
	objects = {

/* Begin PBXBuildFile section */
		528D70261AA0E019002E9F20 /* OnlyOneChoiceInColumnVisitor.cpp in Sources */ = {isa = PBXBuildFile; fileRef = 528D70241AA0E019002E9F20 /* OnlyOneChoiceInColumnVisitor.cpp */; };
		52EB14B21AA0EBA900EC8358 /* OnlyOneChoiceInRegionVisitor.cpp in Sources */ = {isa = PBXBuildFile; fileRef = 52EB14B01AA0EBA900EC8358 /* OnlyOneChoiceInRegionVisitor.cpp */; };
		662F5CD01A98D50400495037 /* OnlyOneChoiceInRowVisitor.cpp in Sources */ = {isa = PBXBuildFile; fileRef = 662F5CCE1A98D50400495037 /* OnlyOneChoiceInRowVisitor.cpp */; };
		66709ED01A989B450035D116 /* test.cpp in Sources */ = {isa = PBXBuildFile; fileRef = 66709ECF1A989B450035D116 /* test.cpp */; };
		669F56641A93FC3F00277317 /* main.cpp in Sources */ = {isa = PBXBuildFile; fileRef = 669F56631A93FC3F00277317 /* main.cpp */; };
		669F56A31A93FE4900277317 /* cell.cpp in Sources */ = {isa = PBXBuildFile; fileRef = 669F568C1A93FE4900277317 /* cell.cpp */; };
		669F56A41A93FE4900277317 /* columnHolder.cpp in Sources */ = {isa = PBXBuildFile; fileRef = 669F568E1A93FE4900277317 /* columnHolder.cpp */; };
		669F56A51A93FE4900277317 /* grid.cpp in Sources */ = {isa = PBXBuildFile; fileRef = 669F56901A93FE4900277317 /* grid.cpp */; };
		669F56A71A93FE4900277317 /* LastCellFinder.cpp in Sources */ = {isa = PBXBuildFile; fileRef = 669F56941A93FE4900277317 /* LastCellFinder.cpp */; };
		669F56A81A93FE4900277317 /* longueurChaine.cpp in Sources */ = {isa = PBXBuildFile; fileRef = 669F56961A93FE4900277317 /* longueurChaine.cpp */; };
		669F56A91A93FE4900277317 /* region.cpp in Sources */ = {isa = PBXBuildFile; fileRef = 669F56981A93FE4900277317 /* region.cpp */; };
		669F56AA1A93FE4900277317 /* regionHolder.cpp in Sources */ = {isa = PBXBuildFile; fileRef = 669F569A1A93FE4900277317 /* regionHolder.cpp */; };
		669F56AB1A93FE4900277317 /* rowHolder.cpp in Sources */ = {isa = PBXBuildFile; fileRef = 669F569C1A93FE4900277317 /* rowHolder.cpp */; };
		669F56AC1A93FE4900277317 /* tripleHolder.cpp in Sources */ = {isa = PBXBuildFile; fileRef = 669F56A11A93FE4900277317 /* tripleHolder.cpp */; };
		66DA51D71A989FA0008898E6 /* IVisitor.cpp in Sources */ = {isa = PBXBuildFile; fileRef = 66DA51D51A989FA0008898E6 /* IVisitor.cpp */; };
/* End PBXBuildFile section */

/* Begin PBXContainerItemProxy section */
		669F56AE1A93FE4900277317 /* PBXContainerItemProxy */ = {
			isa = PBXContainerItemProxy;
			containerPortal = 669F569E1A93FE4900277317 /* SudokuSolver.xcodeproj */;
			proxyType = 2;
			remoteGlobalIDString = 660D43581A93FB8500D95E62;
			remoteInfo = SudokuSolver;
		};
/* End PBXContainerItemProxy section */

/* Begin PBXCopyFilesBuildPhase section */
		669F565E1A93FC3F00277317 /* CopyFiles */ = {
			isa = PBXCopyFilesBuildPhase;
			buildActionMask = 2147483647;
			dstPath = /usr/share/man/man1/;
			dstSubfolderSpec = 0;
			files = (
			);
			runOnlyForDeploymentPostprocessing = 1;
		};
/* End PBXCopyFilesBuildPhase section */

/* Begin PBXFileReference section */
		528D70241AA0E019002E9F20 /* OnlyOneChoiceInColumnVisitor.cpp */ = {isa = PBXFileReference; fileEncoding = 4; lastKnownFileType = sourcecode.cpp.cpp; path = OnlyOneChoiceInColumnVisitor.cpp; sourceTree = "<group>"; };
		528D70251AA0E019002E9F20 /* OnlyOneChoiceInColumnVisitor.h */ = {isa = PBXFileReference; fileEncoding = 4; lastKnownFileType = sourcecode.c.h; path = OnlyOneChoiceInColumnVisitor.h; sourceTree = "<group>"; };
		52EB14B01AA0EBA900EC8358 /* OnlyOneChoiceInRegionVisitor.cpp */ = {isa = PBXFileReference; fileEncoding = 4; lastKnownFileType = sourcecode.cpp.cpp; path = OnlyOneChoiceInRegionVisitor.cpp; sourceTree = "<group>"; };
		52EB14B11AA0EBA900EC8358 /* OnlyOneChoiceInRegionVisitor.h */ = {isa = PBXFileReference; fileEncoding = 4; lastKnownFileType = sourcecode.c.h; path = OnlyOneChoiceInRegionVisitor.h; sourceTree = "<group>"; };
		662F5CCE1A98D50400495037 /* OnlyOneChoiceInRowVisitor.cpp */ = {isa = PBXFileReference; fileEncoding = 4; lastKnownFileType = sourcecode.cpp.cpp; path = OnlyOneChoiceInRowVisitor.cpp; sourceTree = "<group>"; };
		662F5CCF1A98D50400495037 /* OnlyOneChoiceInRowVisitor.h */ = {isa = PBXFileReference; fileEncoding = 4; lastKnownFileType = sourcecode.c.h; path = OnlyOneChoiceInRowVisitor.h; sourceTree = "<group>"; };
		66709ECF1A989B450035D116 /* test.cpp */ = {isa = PBXFileReference; fileEncoding = 4; lastKnownFileType = sourcecode.cpp.cpp; path = test.cpp; sourceTree = "<group>"; };
		669F56601A93FC3F00277317 /* TestSudoku */ = {isa = PBXFileReference; explicitFileType = "compiled.mach-o.executable"; includeInIndex = 0; path = TestSudoku; sourceTree = BUILT_PRODUCTS_DIR; };
		669F56631A93FC3F00277317 /* main.cpp */ = {isa = PBXFileReference; lastKnownFileType = sourcecode.cpp.cpp; path = main.cpp; sourceTree = "<group>"; };
		669F568C1A93FE4900277317 /* cell.cpp */ = {isa = PBXFileReference; fileEncoding = 4; lastKnownFileType = sourcecode.cpp.cpp; path = cell.cpp; sourceTree = "<group>"; };
		669F568D1A93FE4900277317 /* cell.h */ = {isa = PBXFileReference; fileEncoding = 4; lastKnownFileType = sourcecode.c.h; path = cell.h; sourceTree = "<group>"; };
		669F568E1A93FE4900277317 /* columnHolder.cpp */ = {isa = PBXFileReference; fileEncoding = 4; lastKnownFileType = sourcecode.cpp.cpp; path = columnHolder.cpp; sourceTree = "<group>"; };
		669F568F1A93FE4900277317 /* columnHolder.h */ = {isa = PBXFileReference; fileEncoding = 4; lastKnownFileType = sourcecode.c.h; path = columnHolder.h; sourceTree = "<group>"; };
		669F56901A93FE4900277317 /* grid.cpp */ = {isa = PBXFileReference; fileEncoding = 4; lastKnownFileType = sourcecode.cpp.cpp; path = grid.cpp; sourceTree = "<group>"; };
		669F56911A93FE4900277317 /* grid.h */ = {isa = PBXFileReference; fileEncoding = 4; lastKnownFileType = sourcecode.c.h; path = grid.h; sourceTree = "<group>"; };
		669F56941A93FE4900277317 /* LastCellFinder.cpp */ = {isa = PBXFileReference; fileEncoding = 4; lastKnownFileType = sourcecode.cpp.cpp; path = LastCellFinder.cpp; sourceTree = "<group>"; };
		669F56951A93FE4900277317 /* LastCellFinder.h */ = {isa = PBXFileReference; fileEncoding = 4; lastKnownFileType = sourcecode.c.h; path = LastCellFinder.h; sourceTree = "<group>"; };
		669F56961A93FE4900277317 /* longueurChaine.cpp */ = {isa = PBXFileReference; fileEncoding = 4; lastKnownFileType = sourcecode.cpp.cpp; path = longueurChaine.cpp; sourceTree = "<group>"; };
		669F56971A93FE4900277317 /* longueurChaine.h */ = {isa = PBXFileReference; fileEncoding = 4; lastKnownFileType = sourcecode.c.h; path = longueurChaine.h; sourceTree = "<group>"; };
		669F56981A93FE4900277317 /* region.cpp */ = {isa = PBXFileReference; fileEncoding = 4; lastKnownFileType = sourcecode.cpp.cpp; path = region.cpp; sourceTree = "<group>"; };
		669F56991A93FE4900277317 /* region.h */ = {isa = PBXFileReference; fileEncoding = 4; lastKnownFileType = sourcecode.c.h; path = region.h; sourceTree = "<group>"; };
		669F569A1A93FE4900277317 /* regionHolder.cpp */ = {isa = PBXFileReference; fileEncoding = 4; lastKnownFileType = sourcecode.cpp.cpp; path = regionHolder.cpp; sourceTree = "<group>"; };
		669F569B1A93FE4900277317 /* regionHolder.h */ = {isa = PBXFileReference; fileEncoding = 4; lastKnownFileType = sourcecode.c.h; path = regionHolder.h; sourceTree = "<group>"; };
		669F569C1A93FE4900277317 /* rowHolder.cpp */ = {isa = PBXFileReference; fileEncoding = 4; lastKnownFileType = sourcecode.cpp.cpp; path = rowHolder.cpp; sourceTree = "<group>"; };
		669F569D1A93FE4900277317 /* rowHolder.h */ = {isa = PBXFileReference; fileEncoding = 4; lastKnownFileType = sourcecode.c.h; path = rowHolder.h; sourceTree = "<group>"; };
		669F569E1A93FE4900277317 /* SudokuSolver.xcodeproj */ = {isa = PBXFileReference; lastKnownFileType = "wrapper.pb-project"; path = SudokuSolver.xcodeproj; sourceTree = "<group>"; };
		669F56A11A93FE4900277317 /* tripleHolder.cpp */ = {isa = PBXFileReference; fileEncoding = 4; lastKnownFileType = sourcecode.cpp.cpp; path = tripleHolder.cpp; sourceTree = "<group>"; };
		669F56A21A93FE4900277317 /* tripleHolder.h */ = {isa = PBXFileReference; fileEncoding = 4; lastKnownFileType = sourcecode.c.h; path = tripleHolder.h; sourceTree = "<group>"; };
		66DA51D51A989FA0008898E6 /* IVisitor.cpp */ = {isa = PBXFileReference; fileEncoding = 4; lastKnownFileType = sourcecode.cpp.cpp; path = IVisitor.cpp; sourceTree = "<group>"; };
		66DA51D61A989FA0008898E6 /* IVisitor.h */ = {isa = PBXFileReference; fileEncoding = 4; lastKnownFileType = sourcecode.c.h; path = IVisitor.h; sourceTree = "<group>"; };
/* End PBXFileReference section */

/* Begin PBXFrameworksBuildPhase section */
		669F565D1A93FC3F00277317 /* Frameworks */ = {
			isa = PBXFrameworksBuildPhase;
			buildActionMask = 2147483647;
			files = (
			);
			runOnlyForDeploymentPostprocessing = 0;
		};
/* End PBXFrameworksBuildPhase section */

/* Begin PBXGroup section */
		669F56571A93FC3F00277317 = {
			isa = PBXGroup;
			children = (
				669F56621A93FC3F00277317 /* TestSudoku */,
				669F56611A93FC3F00277317 /* Products */,
			);
			sourceTree = "<group>";
		};
		669F56611A93FC3F00277317 /* Products */ = {
			isa = PBXGroup;
			children = (
				669F56601A93FC3F00277317 /* TestSudoku */,
			);
			name = Products;
			sourceTree = "<group>";
		};
		669F56621A93FC3F00277317 /* TestSudoku */ = {
			isa = PBXGroup;
			children = (
				669F56631A93FC3F00277317 /* main.cpp */,
				669F568B1A93FE4900277317 /* SudokuSolver */,
			);
			path = TestSudoku;
			sourceTree = "<group>";
		};
		669F568B1A93FE4900277317 /* SudokuSolver */ = {
			isa = PBXGroup;
			children = (
				669F568C1A93FE4900277317 /* cell.cpp */,
				669F568D1A93FE4900277317 /* cell.h */,
				669F56981A93FE4900277317 /* region.cpp */,
				669F56991A93FE4900277317 /* region.h */,
				669F56901A93FE4900277317 /* grid.cpp */,
				669F56911A93FE4900277317 /* grid.h */,
				669F56A11A93FE4900277317 /* tripleHolder.cpp */,
				669F56A21A93FE4900277317 /* tripleHolder.h */,
				669F568E1A93FE4900277317 /* columnHolder.cpp */,
				669F568F1A93FE4900277317 /* columnHolder.h */,
				669F569C1A93FE4900277317 /* rowHolder.cpp */,
				669F569D1A93FE4900277317 /* rowHolder.h */,
				669F569A1A93FE4900277317 /* regionHolder.cpp */,
				669F569B1A93FE4900277317 /* regionHolder.h */,
				669F56941A93FE4900277317 /* LastCellFinder.cpp */,
				669F56951A93FE4900277317 /* LastCellFinder.h */,
				66DA51D51A989FA0008898E6 /* IVisitor.cpp */,
				66DA51D61A989FA0008898E6 /* IVisitor.h */,
				662F5CCE1A98D50400495037 /* OnlyOneChoiceInRowVisitor.cpp */,
				662F5CCF1A98D50400495037 /* OnlyOneChoiceInRowVisitor.h */,
				528D70241AA0E019002E9F20 /* OnlyOneChoiceInColumnVisitor.cpp */,
				528D70251AA0E019002E9F20 /* OnlyOneChoiceInColumnVisitor.h */,
				52EB14B01AA0EBA900EC8358 /* OnlyOneChoiceInRegionVisitor.cpp */,
				52EB14B11AA0EBA900EC8358 /* OnlyOneChoiceInRegionVisitor.h */,
				669F569E1A93FE4900277317 /* SudokuSolver.xcodeproj */,
				66709ECF1A989B450035D116 /* test.cpp */,
				669F56961A93FE4900277317 /* longueurChaine.cpp */,
				669F56971A93FE4900277317 /* longueurChaine.h */,
			);
			name = SudokuSolver;
			path = ../../SudokuSolver;
			sourceTree = "<group>";
		};
		669F569F1A93FE4900277317 /* Products */ = {
			isa = PBXGroup;
			children = (
				669F56AF1A93FE4900277317 /* libSudokuSolver.dylib */,
			);
			name = Products;
			sourceTree = "<group>";
		};
/* End PBXGroup section */

/* Begin PBXNativeTarget section */
		669F565F1A93FC3F00277317 /* TestSudoku */ = {
			isa = PBXNativeTarget;
			buildConfigurationList = 669F56671A93FC3F00277317 /* Build configuration list for PBXNativeTarget "TestSudoku" */;
			buildPhases = (
				669F565C1A93FC3F00277317 /* Sources */,
				669F565D1A93FC3F00277317 /* Frameworks */,
				669F565E1A93FC3F00277317 /* CopyFiles */,
			);
			buildRules = (
			);
			dependencies = (
			);
			name = TestSudoku;
			productName = TestSudoku;
			productReference = 669F56601A93FC3F00277317 /* TestSudoku */;
			productType = "com.apple.product-type.tool";
		};
/* End PBXNativeTarget section */

/* Begin PBXProject section */
		669F56581A93FC3F00277317 /* Project object */ = {
			isa = PBXProject;
			attributes = {
				LastUpgradeCheck = 0610;
				ORGANIZATIONNAME = "Maxime Bellec";
				TargetAttributes = {
					669F565F1A93FC3F00277317 = {
						CreatedOnToolsVersion = 6.1.1;
					};
				};
			};
			buildConfigurationList = 669F565B1A93FC3F00277317 /* Build configuration list for PBXProject "TestSudoku" */;
			compatibilityVersion = "Xcode 3.2";
			developmentRegion = English;
			hasScannedForEncodings = 0;
			knownRegions = (
				en,
			);
			mainGroup = 669F56571A93FC3F00277317;
			productRefGroup = 669F56611A93FC3F00277317 /* Products */;
			projectDirPath = "";
			projectReferences = (
				{
					ProductGroup = 669F569F1A93FE4900277317 /* Products */;
					ProjectRef = 669F569E1A93FE4900277317 /* SudokuSolver.xcodeproj */;
				},
			);
			projectRoot = "";
			targets = (
				669F565F1A93FC3F00277317 /* TestSudoku */,
			);
		};
/* End PBXProject section */

/* Begin PBXReferenceProxy section */
		669F56AF1A93FE4900277317 /* libSudokuSolver.dylib */ = {
			isa = PBXReferenceProxy;
			fileType = "compiled.mach-o.dylib";
			path = libSudokuSolver.dylib;
			remoteRef = 669F56AE1A93FE4900277317 /* PBXContainerItemProxy */;
			sourceTree = BUILT_PRODUCTS_DIR;
		};
/* End PBXReferenceProxy section */

/* Begin PBXSourcesBuildPhase section */
		669F565C1A93FC3F00277317 /* Sources */ = {
			isa = PBXSourcesBuildPhase;
			buildActionMask = 2147483647;
			files = (
				528D70261AA0E019002E9F20 /* OnlyOneChoiceInColumnVisitor.cpp in Sources */,
				669F56A41A93FE4900277317 /* columnHolder.cpp in Sources */,
				669F56641A93FC3F00277317 /* main.cpp in Sources */,
				662F5CD01A98D50400495037 /* OnlyOneChoiceInRowVisitor.cpp in Sources */,
				669F56AB1A93FE4900277317 /* rowHolder.cpp in Sources */,
				669F56AC1A93FE4900277317 /* tripleHolder.cpp in Sources */,
				669F56A31A93FE4900277317 /* cell.cpp in Sources */,
				52EB14B21AA0EBA900EC8358 /* OnlyOneChoiceInRegionVisitor.cpp in Sources */,
				66709ED01A989B450035D116 /* test.cpp in Sources */,
				669F56A51A93FE4900277317 /* grid.cpp in Sources */,
				669F56AA1A93FE4900277317 /* regionHolder.cpp in Sources */,
				669F56A71A93FE4900277317 /* LastCellFinder.cpp in Sources */,
				669F56A81A93FE4900277317 /* longueurChaine.cpp in Sources */,
				66DA51D71A989FA0008898E6 /* IVisitor.cpp in Sources */,
				669F56A91A93FE4900277317 /* region.cpp in Sources */,
			);
			runOnlyForDeploymentPostprocessing = 0;
		};
/* End PBXSourcesBuildPhase section */

/* Begin XCBuildConfiguration section */
		669F56651A93FC3F00277317 /* Debug */ = {
			isa = XCBuildConfiguration;
			buildSettings = {
				ALWAYS_SEARCH_USER_PATHS = NO;
				CLANG_CXX_LANGUAGE_STANDARD = "gnu++0x";
				CLANG_CXX_LIBRARY = "libc++";
				CLANG_ENABLE_MODULES = YES;
				CLANG_ENABLE_OBJC_ARC = YES;
				CLANG_WARN_BOOL_CONVERSION = YES;
				CLANG_WARN_CONSTANT_CONVERSION = YES;
				CLANG_WARN_DIRECT_OBJC_ISA_USAGE = YES_ERROR;
				CLANG_WARN_EMPTY_BODY = YES;
				CLANG_WARN_ENUM_CONVERSION = YES;
				CLANG_WARN_INT_CONVERSION = YES;
				CLANG_WARN_OBJC_ROOT_CLASS = YES_ERROR;
				CLANG_WARN_UNREACHABLE_CODE = YES;
				CLANG_WARN__DUPLICATE_METHOD_MATCH = YES;
				COPY_PHASE_STRIP = NO;
				ENABLE_STRICT_OBJC_MSGSEND = YES;
				GCC_C_LANGUAGE_STANDARD = gnu99;
				GCC_DYNAMIC_NO_PIC = NO;
				GCC_OPTIMIZATION_LEVEL = 0;
				GCC_PREPROCESSOR_DEFINITIONS = (
					"DEBUG=1",
					"$(inherited)",
				);
				GCC_SYMBOLS_PRIVATE_EXTERN = NO;
				GCC_WARN_64_TO_32_BIT_CONVERSION = YES;
				GCC_WARN_ABOUT_RETURN_TYPE = YES_ERROR;
				GCC_WARN_UNDECLARED_SELECTOR = YES;
				GCC_WARN_UNINITIALIZED_AUTOS = YES_AGGRESSIVE;
				GCC_WARN_UNUSED_FUNCTION = YES;
				GCC_WARN_UNUSED_VARIABLE = YES;
				MACOSX_DEPLOYMENT_TARGET = 10.10;
				MTL_ENABLE_DEBUG_INFO = YES;
				ONLY_ACTIVE_ARCH = YES;
				SDKROOT = macosx;
			};
			name = Debug;
		};
		669F56661A93FC3F00277317 /* Release */ = {
			isa = XCBuildConfiguration;
			buildSettings = {
				ALWAYS_SEARCH_USER_PATHS = NO;
				CLANG_CXX_LANGUAGE_STANDARD = "gnu++0x";
				CLANG_CXX_LIBRARY = "libc++";
				CLANG_ENABLE_MODULES = YES;
				CLANG_ENABLE_OBJC_ARC = YES;
				CLANG_WARN_BOOL_CONVERSION = YES;
				CLANG_WARN_CONSTANT_CONVERSION = YES;
				CLANG_WARN_DIRECT_OBJC_ISA_USAGE = YES_ERROR;
				CLANG_WARN_EMPTY_BODY = YES;
				CLANG_WARN_ENUM_CONVERSION = YES;
				CLANG_WARN_INT_CONVERSION = YES;
				CLANG_WARN_OBJC_ROOT_CLASS = YES_ERROR;
				CLANG_WARN_UNREACHABLE_CODE = YES;
				CLANG_WARN__DUPLICATE_METHOD_MATCH = YES;
				COPY_PHASE_STRIP = YES;
				DEBUG_INFORMATION_FORMAT = "dwarf-with-dsym";
				ENABLE_NS_ASSERTIONS = NO;
				ENABLE_STRICT_OBJC_MSGSEND = YES;
				GCC_C_LANGUAGE_STANDARD = gnu99;
				GCC_WARN_64_TO_32_BIT_CONVERSION = YES;
				GCC_WARN_ABOUT_RETURN_TYPE = YES_ERROR;
				GCC_WARN_UNDECLARED_SELECTOR = YES;
				GCC_WARN_UNINITIALIZED_AUTOS = YES_AGGRESSIVE;
				GCC_WARN_UNUSED_FUNCTION = YES;
				GCC_WARN_UNUSED_VARIABLE = YES;
				MACOSX_DEPLOYMENT_TARGET = 10.10;
				MTL_ENABLE_DEBUG_INFO = NO;
				SDKROOT = macosx;
			};
			name = Release;
		};
		669F56681A93FC3F00277317 /* Debug */ = {
			isa = XCBuildConfiguration;
			buildSettings = {
				HEADER_SEARCH_PATHS = (
					"$(inherited)",
					/Applications/Xcode.app/Contents/Developer/Toolchains/XcodeDefault.xctoolchain/usr/include,
					../SudokuSolver,
				);
				"HEADER_SEARCH_PATHS[arch=*]" = (
					"$(inherited)",
					/Applications/Xcode.app/Contents/Developer/Toolchains/XcodeDefault.xctoolchain/usr/include,
					../SudokuSolver,
				);
				LIBRARY_SEARCH_PATHS = ../SudokuSolver;
				PRODUCT_NAME = "$(TARGET_NAME)";
			};
			name = Debug;
		};
		669F56691A93FC3F00277317 /* Release */ = {
			isa = XCBuildConfiguration;
			buildSettings = {
				HEADER_SEARCH_PATHS = (
					"$(inherited)",
					/Applications/Xcode.app/Contents/Developer/Toolchains/XcodeDefault.xctoolchain/usr/include,
					../SudokuSolver,
				);
				LIBRARY_SEARCH_PATHS = ../SudokuSolver;
				PRODUCT_NAME = "$(TARGET_NAME)";
			};
			name = Release;
		};
/* End XCBuildConfiguration section */

/* Begin XCConfigurationList section */
		669F565B1A93FC3F00277317 /* Build configuration list for PBXProject "TestSudoku" */ = {
			isa = XCConfigurationList;
			buildConfigurations = (
				669F56651A93FC3F00277317 /* Debug */,
				669F56661A93FC3F00277317 /* Release */,
			);
			defaultConfigurationIsVisible = 0;
			defaultConfigurationName = Release;
		};
		669F56671A93FC3F00277317 /* Build configuration list for PBXNativeTarget "TestSudoku" */ = {
			isa = XCConfigurationList;
			buildConfigurations = (
				669F56681A93FC3F00277317 /* Debug */,
				669F56691A93FC3F00277317 /* Release */,
			);
			defaultConfigurationIsVisible = 0;
			defaultConfigurationName = Release;
		};
/* End XCConfigurationList section */
	};
	rootObject = 669F56581A93FC3F00277317 /* Project object */;
}
